
Microsoft Visual Studio Solution File, Format Version 12.00
# Visual Studio Version 17
VisualStudioVersion = 17.14.36310.24 d17.14
MinimumVisualStudioVersion = 10.0.40219.1
Project("{FAE04EC0-301F-11D3-BF4B-00C04F79EFBC}") = "CoreWebApp", "CoreWebApp\CoreWebApp.csproj", "{1049FC58-68DA-42B4-9E9C-F6BA69D7D655}"
EndProject
Global
	GlobalSection(SolutionConfigurationPlatforms) = preSolution
		Debug|Any CPU = Debug|Any CPU
		Release|Any CPU = Release|Any CPU
	EndGlobalSection
	GlobalSection(ProjectConfigurationPlatforms) = postSolution
		{1049FC58-68DA-42B4-9E9C-F6BA69D7D655}.Debug|Any CPU.ActiveCfg = Debug|Any CPU
		{1049FC58-68DA-42B4-9E9C-F6BA69D7D655}.Debug|Any CPU.Build.0 = Debug|Any CPU
		{1049FC58-68DA-42B4-9E9C-F6BA69D7D655}.Release|Any CPU.ActiveCfg = Release|Any CPU
		{1049FC58-68DA-42B4-9E9C-F6BA69D7D655}.Release|Any CPU.Build.0 = Release|Any CPU
	EndGlobalSection
	GlobalSection(SolutionProperties) = preSolution
		HideSolutionNode = FALSE
	EndGlobalSection
	GlobalSection(ExtensibilityGlobals) = postSolution
		SolutionGuid = {CD5808E8-125A-46B2-AA50-D4E63EC6E990}
	EndGlobalSection
EndGlobal
